
Microsoft Visual Studio Solution File, Format Version 12.00
# Visual Studio 2013
VisualStudioVersion = 12.0.21005.1
MinimumVisualStudioVersion = 10.0.40219.1
Project("{FAE04EC0-301F-11D3-BF4B-00C04F79EFBC}") = "BipuniBitan_UI", "BipuniBitan_UI\BipuniBitan_UI.csproj", "{C7610FCD-78D7-45D4-A8B6-706F5CFDEEDF}"
EndProject
Project("{FAE04EC0-301F-11D3-BF4B-00C04F79EFBC}") = "BipuniBitan_Manager", "BipuniBitan_Manager\BipuniBitan_Manager.csproj", "{3BC16F83-7CE8-4307-9ABC-FC829F840FC1}"
EndProject
Project("{FAE04EC0-301F-11D3-BF4B-00C04F79EFBC}") = "BipuniBitan_DB", "BipuniBitan_DB\BipuniBitan_DB.csproj", "{EE8294BE-D61C-4DA6-B2C1-158675683561}"
EndProject
Global
	GlobalSection(SolutionConfigurationPlatforms) = preSolution
		Debug|Any CPU = Debug|Any CPU
		Release|Any CPU = Release|Any CPU
	EndGlobalSection
	GlobalSection(ProjectConfigurationPlatforms) = postSolution
		{C7610FCD-78D7-45D4-A8B6-706F5CFDEEDF}.Debug|Any CPU.ActiveCfg = Debug|Any CPU
		{C7610FCD-78D7-45D4-A8B6-706F5CFDEEDF}.Debug|Any CPU.Build.0 = Debug|Any CPU
		{C7610FCD-78D7-45D4-A8B6-706F5CFDEEDF}.Release|Any CPU.ActiveCfg = Release|Any CPU
		{C7610FCD-78D7-45D4-A8B6-706F5CFDEEDF}.Release|Any CPU.Build.0 = Release|Any CPU
		{3BC16F83-7CE8-4307-9ABC-FC829F840FC1}.Debug|Any CPU.ActiveCfg = Debug|Any CPU
		{3BC16F83-7CE8-4307-9ABC-FC829F840FC1}.Debug|Any CPU.Build.0 = Debug|Any CPU
		{3BC16F83-7CE8-4307-9ABC-FC829F840FC1}.Release|Any CPU.ActiveCfg = Release|Any CPU
		{3BC16F83-7CE8-4307-9ABC-FC829F840FC1}.Release|Any CPU.Build.0 = Release|Any CPU
		{EE8294BE-D61C-4DA6-B2C1-158675683561}.Debug|Any CPU.ActiveCfg = Debug|Any CPU
		{EE8294BE-D61C-4DA6-B2C1-158675683561}.Debug|Any CPU.Build.0 = Debug|Any CPU
		{EE8294BE-D61C-4DA6-B2C1-158675683561}.Release|Any CPU.ActiveCfg = Release|Any CPU
		{EE8294BE-D61C-4DA6-B2C1-158675683561}.Release|Any CPU.Build.0 = Release|Any CPU
	EndGlobalSection
	GlobalSection(SolutionProperties) = preSolution
		HideSolutionNode = FALSE
	EndGlobalSection
EndGlobal
